{
  "name": "gbdkjs-example-shooter",
  "version": "1.0.0",
  "lockfileVersion": 1,
  "requires": true,
  "dependencies": {
    "gbdkjs": {
      "version": "1.0.5",
      "resolved": "https://registry.npmjs.org/gbdkjs/-/gbdkjs-1.0.5.tgz",
      "integrity": "sha1-uYUjnOI+mgnGphKWpY/gpPP8wKk="
    }
  }
}
